
Microsoft Visual Studio Solution File, Format Version 12.00
# Visual Studio Version 17
VisualStudioVersion = 17.1.32210.238
MinimumVisualStudioVersion = 10.0.40219.1
Project("{FAE04EC0-301F-11D3-BF4B-00C04F79EFBC}") = "WFA_Static", "WFA_Static\WFA_Static.csproj", "{F068B16A-FF93-4512-AF20-2429467BF59E}"
EndProject
Global
	GlobalSection(SolutionConfigurationPlatforms) = preSolution
		Debug|Any CPU = Debug|Any CPU
		Release|Any CPU = Release|Any CPU
	EndGlobalSection
	GlobalSection(ProjectConfigurationPlatforms) = postSolution
		{F068B16A-FF93-4512-AF20-2429467BF59E}.Debug|Any CPU.ActiveCfg = Debug|Any CPU
		{F068B16A-FF93-4512-AF20-2429467BF59E}.Debug|Any CPU.Build.0 = Debug|Any CPU
		{F068B16A-FF93-4512-AF20-2429467BF59E}.Release|Any CPU.ActiveCfg = Release|Any CPU
		{F068B16A-FF93-4512-AF20-2429467BF59E}.Release|Any CPU.Build.0 = Release|Any CPU
	EndGlobalSection
	GlobalSection(SolutionProperties) = preSolution
		HideSolutionNode = FALSE
	EndGlobalSection
	GlobalSection(ExtensibilityGlobals) = postSolution
		SolutionGuid = {42506B29-AC4A-4AFC-9D0F-1A0246782ADD}
	EndGlobalSection
EndGlobal
