
Microsoft Visual Studio Solution File, Format Version 12.00
# Visual Studio Version 17
VisualStudioVersion = 17.1.32328.378
MinimumVisualStudioVersion = 10.0.40219.1
Project("{FAE04EC0-301F-11D3-BF4B-00C04F79EFBC}") = "WFA_UrunYonetimi", "WFA_UrunYonetimi\WFA_UrunYonetimi.csproj", "{D18B7084-C311-4F34-8911-136B99011650}"
EndProject
Global
	GlobalSection(SolutionConfigurationPlatforms) = preSolution
		Debug|Any CPU = Debug|Any CPU
		Release|Any CPU = Release|Any CPU
	EndGlobalSection
	GlobalSection(ProjectConfigurationPlatforms) = postSolution
		{D18B7084-C311-4F34-8911-136B99011650}.Debug|Any CPU.ActiveCfg = Debug|Any CPU
		{D18B7084-C311-4F34-8911-136B99011650}.Debug|Any CPU.Build.0 = Debug|Any CPU
		{D18B7084-C311-4F34-8911-136B99011650}.Release|Any CPU.ActiveCfg = Release|Any CPU
		{D18B7084-C311-4F34-8911-136B99011650}.Release|Any CPU.Build.0 = Release|Any CPU
	EndGlobalSection
	GlobalSection(SolutionProperties) = preSolution
		HideSolutionNode = FALSE
	EndGlobalSection
	GlobalSection(ExtensibilityGlobals) = postSolution
		SolutionGuid = {DC6AEC90-DCE2-493B-AA09-56C9FBF680D1}
	EndGlobalSection
EndGlobal
