
Microsoft Visual Studio Solution File, Format Version 12.00
# Visual Studio Version 16
VisualStudioVersion = 16.0.32126.315
MinimumVisualStudioVersion = 10.0.40219.1
Project("{FAE04EC0-301F-11D3-BF4B-00C04F79EFBC}") = "WFA_Inheritance", "WFA_Inheritance\WFA_Inheritance.csproj", "{E3C88A1D-9E37-49FF-B697-AB09B1C8680A}"
EndProject
Project("{FAE04EC0-301F-11D3-BF4B-00C04F79EFBC}") = "WFA_KitapKutusu", "WFA_KitapKutusu\WFA_KitapKutusu.csproj", "{A7DE6E0A-ED71-4500-82CA-1C09A7AB0ED4}"
EndProject
Global
	GlobalSection(SolutionConfigurationPlatforms) = preSolution
		Debug|Any CPU = Debug|Any CPU
		Release|Any CPU = Release|Any CPU
	EndGlobalSection
	GlobalSection(ProjectConfigurationPlatforms) = postSolution
		{E3C88A1D-9E37-49FF-B697-AB09B1C8680A}.Debug|Any CPU.ActiveCfg = Debug|Any CPU
		{E3C88A1D-9E37-49FF-B697-AB09B1C8680A}.Debug|Any CPU.Build.0 = Debug|Any CPU
		{E3C88A1D-9E37-49FF-B697-AB09B1C8680A}.Release|Any CPU.ActiveCfg = Release|Any CPU
		{E3C88A1D-9E37-49FF-B697-AB09B1C8680A}.Release|Any CPU.Build.0 = Release|Any CPU
		{A7DE6E0A-ED71-4500-82CA-1C09A7AB0ED4}.Debug|Any CPU.ActiveCfg = Debug|Any CPU
		{A7DE6E0A-ED71-4500-82CA-1C09A7AB0ED4}.Debug|Any CPU.Build.0 = Debug|Any CPU
		{A7DE6E0A-ED71-4500-82CA-1C09A7AB0ED4}.Release|Any CPU.ActiveCfg = Release|Any CPU
		{A7DE6E0A-ED71-4500-82CA-1C09A7AB0ED4}.Release|Any CPU.Build.0 = Release|Any CPU
	EndGlobalSection
	GlobalSection(SolutionProperties) = preSolution
		HideSolutionNode = FALSE
	EndGlobalSection
	GlobalSection(ExtensibilityGlobals) = postSolution
		SolutionGuid = {800428A2-4040-4365-AA96-C1644617E89A}
	EndGlobalSection
EndGlobal
