
Microsoft Visual Studio Solution File, Format Version 12.00
# Visual Studio Version 17
VisualStudioVersion = 17.1.32210.238
MinimumVisualStudioVersion = 10.0.40219.1
Project("{FAE04EC0-301F-11D3-BF4B-00C04F79EFBC}") = "WFA_inheritancePolymorphism", "WFA_inheritancePolymorphism\WFA_inheritancePolymorphism.csproj", "{5CCA9706-DB00-4CAF-AC9C-F4EEB77C641F}"
EndProject
Global
	GlobalSection(SolutionConfigurationPlatforms) = preSolution
		Debug|Any CPU = Debug|Any CPU
		Release|Any CPU = Release|Any CPU
	EndGlobalSection
	GlobalSection(ProjectConfigurationPlatforms) = postSolution
		{5CCA9706-DB00-4CAF-AC9C-F4EEB77C641F}.Debug|Any CPU.ActiveCfg = Debug|Any CPU
		{5CCA9706-DB00-4CAF-AC9C-F4EEB77C641F}.Debug|Any CPU.Build.0 = Debug|Any CPU
		{5CCA9706-DB00-4CAF-AC9C-F4EEB77C641F}.Release|Any CPU.ActiveCfg = Release|Any CPU
		{5CCA9706-DB00-4CAF-AC9C-F4EEB77C641F}.Release|Any CPU.Build.0 = Release|Any CPU
	EndGlobalSection
	GlobalSection(SolutionProperties) = preSolution
		HideSolutionNode = FALSE
	EndGlobalSection
	GlobalSection(ExtensibilityGlobals) = postSolution
		SolutionGuid = {F9DF27DF-C295-4A99-B153-AC5881B72706}
	EndGlobalSection
EndGlobal
